
Microsoft Visual Studio Solution File, Format Version 12.00
# Visual Studio Version 17
VisualStudioVersion = 17.2.32505.173
MinimumVisualStudioVersion = 10.0.40219.1
Project("{FAE04EC0-301F-11D3-BF4B-00C04F79EFBC}") = "MVCStore", "MVCStore\MVCStore.csproj", "{00B27640-9E84-436E-91EE-D9B22C223422}"
EndProject
Project("{FAE04EC0-301F-11D3-BF4B-00C04F79EFBC}") = "MVCStore.Tests", "MVCStore.Tests\MVCStore.Tests.csproj", "{5ED1FB94-1738-4F33-828B-50EFEF924D42}"
EndProject
Global
	GlobalSection(SolutionConfigurationPlatforms) = preSolution
		Debug|Any CPU = Debug|Any CPU
		Release|Any CPU = Release|Any CPU
	EndGlobalSection
	GlobalSection(ProjectConfigurationPlatforms) = postSolution
		{00B27640-9E84-436E-91EE-D9B22C223422}.Debug|Any CPU.ActiveCfg = Debug|Any CPU
		{00B27640-9E84-436E-91EE-D9B22C223422}.Debug|Any CPU.Build.0 = Debug|Any CPU
		{00B27640-9E84-436E-91EE-D9B22C223422}.Release|Any CPU.ActiveCfg = Release|Any CPU
		{00B27640-9E84-436E-91EE-D9B22C223422}.Release|Any CPU.Build.0 = Release|Any CPU
		{5ED1FB94-1738-4F33-828B-50EFEF924D42}.Debug|Any CPU.ActiveCfg = Debug|Any CPU
		{5ED1FB94-1738-4F33-828B-50EFEF924D42}.Debug|Any CPU.Build.0 = Debug|Any CPU
		{5ED1FB94-1738-4F33-828B-50EFEF924D42}.Release|Any CPU.ActiveCfg = Release|Any CPU
		{5ED1FB94-1738-4F33-828B-50EFEF924D42}.Release|Any CPU.Build.0 = Release|Any CPU
	EndGlobalSection
	GlobalSection(SolutionProperties) = preSolution
		HideSolutionNode = FALSE
	EndGlobalSection
	GlobalSection(ExtensibilityGlobals) = postSolution
		SolutionGuid = {C4C512DF-D7B1-4091-88D3-A8106DC2AF91}
	EndGlobalSection
EndGlobal
