
Microsoft Visual Studio Solution File, Format Version 12.00
# Visual Studio 15
VisualStudioVersion = 15.0.28307.572
MinimumVisualStudioVersion = 10.0.40219.1
Project("{FAE04EC0-301F-11D3-BF4B-00C04F79EFBC}") = "VulnerableWebsite", "VulnerableWebsite\VulnerableWebsite.csproj", "{690EDC41-8DD5-4EC9-BAC5-F336905E1215}"
EndProject
Global
	GlobalSection(SolutionConfigurationPlatforms) = preSolution
		Debug|Any CPU = Debug|Any CPU
		Release|Any CPU = Release|Any CPU
	EndGlobalSection
	GlobalSection(ProjectConfigurationPlatforms) = postSolution
		{690EDC41-8DD5-4EC9-BAC5-F336905E1215}.Debug|Any CPU.ActiveCfg = Debug|Any CPU
		{690EDC41-8DD5-4EC9-BAC5-F336905E1215}.Debug|Any CPU.Build.0 = Debug|Any CPU
		{690EDC41-8DD5-4EC9-BAC5-F336905E1215}.Release|Any CPU.ActiveCfg = Release|Any CPU
		{690EDC41-8DD5-4EC9-BAC5-F336905E1215}.Release|Any CPU.Build.0 = Release|Any CPU
	EndGlobalSection
	GlobalSection(SolutionProperties) = preSolution
		HideSolutionNode = FALSE
	EndGlobalSection
	GlobalSection(ExtensibilityGlobals) = postSolution
		SolutionGuid = {A55F426A-39AA-4350-A5A9-FCB3D73DBB24}
	EndGlobalSection
EndGlobal
